
Microsoft Visual Studio Solution File, Format Version 12.00
# Visual Studio Version 17
VisualStudioVersion = 17.4.33213.308
MinimumVisualStudioVersion = 10.0.40219.1
Project("{FAE04EC0-301F-11D3-BF4B-00C04F79EFBC}") = "MyProject", "MyProject\MyProject.csproj", "{38F3DB21-54C8-4526-9252-34C54220B153}"
EndProject
Global
	GlobalSection(SolutionConfigurationPlatforms) = preSolution
		Debug|Any CPU = Debug|Any CPU
		Release|Any CPU = Release|Any CPU
	EndGlobalSection
	GlobalSection(ProjectConfigurationPlatforms) = postSolution
		{38F3DB21-54C8-4526-9252-34C54220B153}.Debug|Any CPU.ActiveCfg = Debug|Any CPU
		{38F3DB21-54C8-4526-9252-34C54220B153}.Debug|Any CPU.Build.0 = Debug|Any CPU
		{38F3DB21-54C8-4526-9252-34C54220B153}.Release|Any CPU.ActiveCfg = Release|Any CPU
		{38F3DB21-54C8-4526-9252-34C54220B153}.Release|Any CPU.Build.0 = Release|Any CPU
	EndGlobalSection
	GlobalSection(SolutionProperties) = preSolution
		HideSolutionNode = FALSE
	EndGlobalSection
	GlobalSection(ExtensibilityGlobals) = postSolution
		SolutionGuid = {49C2BF01-CAD9-460D-9257-2E0B97AF62A2}
	EndGlobalSection
EndGlobal
